
Microsoft Visual Studio Solution File, Format Version 12.00
# Visual Studio Version 16
VisualStudioVersion = 16.0.31729.503
MinimumVisualStudioVersion = 10.0.40219.1
Project("{9A19103F-16F7-4668-BE54-9A1E7A4F7556}") = "TegningHenter", "TegningHenter\TegningHenter.csproj", "{12930F3A-F841-4CA4-8A95-6D593FB95F70}"
EndProject
Project("{FAE04EC0-301F-11D3-BF4B-00C04F79EFBC}") = "Logic", "Logic\Logic.csproj", "{8CF0B456-D191-4AC4-A695-395AB8A81443}"
EndProject
Project("{FAE04EC0-301F-11D3-BF4B-00C04F79EFBC}") = "TesterApp", "TesterApp\TesterApp.csproj", "{BC80B692-40AF-4678-914F-0BAE444BEC8E}"
EndProject
Global
	GlobalSection(SolutionConfigurationPlatforms) = preSolution
		Debug|Any CPU = Debug|Any CPU
		Release|Any CPU = Release|Any CPU
	EndGlobalSection
	GlobalSection(ProjectConfigurationPlatforms) = postSolution
		{12930F3A-F841-4CA4-8A95-6D593FB95F70}.Debug|Any CPU.ActiveCfg = Debug|Any CPU
		{12930F3A-F841-4CA4-8A95-6D593FB95F70}.Debug|Any CPU.Build.0 = Debug|Any CPU
		{12930F3A-F841-4CA4-8A95-6D593FB95F70}.Release|Any CPU.ActiveCfg = Release|Any CPU
		{12930F3A-F841-4CA4-8A95-6D593FB95F70}.Release|Any CPU.Build.0 = Release|Any CPU
		{8CF0B456-D191-4AC4-A695-395AB8A81443}.Debug|Any CPU.ActiveCfg = Debug|Any CPU
		{8CF0B456-D191-4AC4-A695-395AB8A81443}.Debug|Any CPU.Build.0 = Debug|Any CPU
		{8CF0B456-D191-4AC4-A695-395AB8A81443}.Release|Any CPU.ActiveCfg = Release|Any CPU
		{8CF0B456-D191-4AC4-A695-395AB8A81443}.Release|Any CPU.Build.0 = Release|Any CPU
		{BC80B692-40AF-4678-914F-0BAE444BEC8E}.Debug|Any CPU.ActiveCfg = Debug|Any CPU
		{BC80B692-40AF-4678-914F-0BAE444BEC8E}.Debug|Any CPU.Build.0 = Debug|Any CPU
		{BC80B692-40AF-4678-914F-0BAE444BEC8E}.Release|Any CPU.ActiveCfg = Release|Any CPU
		{BC80B692-40AF-4678-914F-0BAE444BEC8E}.Release|Any CPU.Build.0 = Release|Any CPU
	EndGlobalSection
	GlobalSection(SolutionProperties) = preSolution
		HideSolutionNode = FALSE
	EndGlobalSection
	GlobalSection(ExtensibilityGlobals) = postSolution
		SolutionGuid = {6974FC52-0DDD-4C33-953C-2E2DCCE568F6}
	EndGlobalSection
EndGlobal
